
Microsoft Visual Studio Solution File, Format Version 12.00
# Visual Studio Version 17
VisualStudioVersion = 17.10.34707.107
MinimumVisualStudioVersion = 10.0.40219.1
Project("{FAE04EC0-301F-11D3-BF4B-00C04F79EFBC}") = "Digitalers.Api", "Digitalers.Api\Digitalers.Api.csproj", "{B429D202-48B3-4174-8BD7-705DD2E780A1}"
EndProject
Project("{FAE04EC0-301F-11D3-BF4B-00C04F79EFBC}") = "Digitalers.DataAccessLayer", "Digitalers.DataAccessLayer\Digitalers.DataAccessLayer.csproj", "{F50AF54D-3D73-4ED6-A233-92E4E19EDF64}"
EndProject
Project("{FAE04EC0-301F-11D3-BF4B-00C04F79EFBC}") = "Digitalers.DomainLayer", "Digitalers.DomainLayer\Digitalers.DomainLayer.csproj", "{3CE646E8-2497-4ED6-8E95-26D543D38093}"
EndProject
Project("{FAE04EC0-301F-11D3-BF4B-00C04F79EFBC}") = "Digitalers.Shared", "Digitalers.Shared\Digitalers.Shared.csproj", "{1109EF03-F170-4CCE-9270-1DC2DF9FC04F}"
EndProject
Project("{FAE04EC0-301F-11D3-BF4B-00C04F79EFBC}") = "Digitalers.Web", "Digitalers.Web\Digitalers.Web.csproj", "{6F17A34B-76F5-4429-AFBA-8AFC2E526AF0}"
EndProject
Global
	GlobalSection(SolutionConfigurationPlatforms) = preSolution
		Debug|Any CPU = Debug|Any CPU
		Release|Any CPU = Release|Any CPU
	EndGlobalSection
	GlobalSection(ProjectConfigurationPlatforms) = postSolution
		{B429D202-48B3-4174-8BD7-705DD2E780A1}.Debug|Any CPU.ActiveCfg = Debug|Any CPU
		{B429D202-48B3-4174-8BD7-705DD2E780A1}.Debug|Any CPU.Build.0 = Debug|Any CPU
		{B429D202-48B3-4174-8BD7-705DD2E780A1}.Release|Any CPU.ActiveCfg = Release|Any CPU
		{B429D202-48B3-4174-8BD7-705DD2E780A1}.Release|Any CPU.Build.0 = Release|Any CPU
		{F50AF54D-3D73-4ED6-A233-92E4E19EDF64}.Debug|Any CPU.ActiveCfg = Debug|Any CPU
		{F50AF54D-3D73-4ED6-A233-92E4E19EDF64}.Debug|Any CPU.Build.0 = Debug|Any CPU
		{F50AF54D-3D73-4ED6-A233-92E4E19EDF64}.Release|Any CPU.ActiveCfg = Release|Any CPU
		{F50AF54D-3D73-4ED6-A233-92E4E19EDF64}.Release|Any CPU.Build.0 = Release|Any CPU
		{3CE646E8-2497-4ED6-8E95-26D543D38093}.Debug|Any CPU.ActiveCfg = Debug|Any CPU
		{3CE646E8-2497-4ED6-8E95-26D543D38093}.Debug|Any CPU.Build.0 = Debug|Any CPU
		{3CE646E8-2497-4ED6-8E95-26D543D38093}.Release|Any CPU.ActiveCfg = Release|Any CPU
		{3CE646E8-2497-4ED6-8E95-26D543D38093}.Release|Any CPU.Build.0 = Release|Any CPU
		{1109EF03-F170-4CCE-9270-1DC2DF9FC04F}.Debug|Any CPU.ActiveCfg = Debug|Any CPU
		{1109EF03-F170-4CCE-9270-1DC2DF9FC04F}.Debug|Any CPU.Build.0 = Debug|Any CPU
		{1109EF03-F170-4CCE-9270-1DC2DF9FC04F}.Release|Any CPU.ActiveCfg = Release|Any CPU
		{1109EF03-F170-4CCE-9270-1DC2DF9FC04F}.Release|Any CPU.Build.0 = Release|Any CPU
		{6F17A34B-76F5-4429-AFBA-8AFC2E526AF0}.Debug|Any CPU.ActiveCfg = Debug|Any CPU
		{6F17A34B-76F5-4429-AFBA-8AFC2E526AF0}.Debug|Any CPU.Build.0 = Debug|Any CPU
		{6F17A34B-76F5-4429-AFBA-8AFC2E526AF0}.Release|Any CPU.ActiveCfg = Release|Any CPU
		{6F17A34B-76F5-4429-AFBA-8AFC2E526AF0}.Release|Any CPU.Build.0 = Release|Any CPU
	EndGlobalSection
	GlobalSection(SolutionProperties) = preSolution
		HideSolutionNode = FALSE
	EndGlobalSection
	GlobalSection(ExtensibilityGlobals) = postSolution
		SolutionGuid = {95B54064-E843-4406-933D-B6D2252BEAD8}
	EndGlobalSection
EndGlobal
